// !$*UTF8*$!
{
	archiveVersion = 1;
	classes = {
	};
	objectVersion = 48;
	objects = {

/* Begin PBXBuildFile section */
		113843CE1FD6E3480065EC92 /* UserModel.swift in Sources */ = {isa = PBXBuildFile; fileRef = 113843CD1FD6E3480065EC92 /* UserModel.swift */; };
		113843D01FD6F46A0065EC92 /* StudentInfo.swift in Sources */ = {isa = PBXBuildFile; fileRef = 113843CF1FD6F46A0065EC92 /* StudentInfo.swift */; };
		113843DE1FD881EA0065EC92 /* UdacityConvenience.swift in Sources */ = {isa = PBXBuildFile; fileRef = 113843DD1FD881EA0065EC92 /* UdacityConvenience.swift */; };
		113843E01FD8820F0065EC92 /* ParseConvenience.swift in Sources */ = {isa = PBXBuildFile; fileRef = 113843DF1FD8820F0065EC92 /* ParseConvenience.swift */; };
		117259541FD1D0BD007146E2 /* AddStudentLocationVC.swift in Sources */ = {isa = PBXBuildFile; fileRef = 117259531FD1D0BD007146E2 /* AddStudentLocationVC.swift */; };
		117259561FD20DE3007146E2 /* AddStudentLocationMapVC.swift in Sources */ = {isa = PBXBuildFile; fileRef = 117259551FD20DE3007146E2 /* AddStudentLocationMapVC.swift */; };
		11AF804D1FCCC782003E46E5 /* AppDelegate.swift in Sources */ = {isa = PBXBuildFile; fileRef = 11AF804C1FCCC782003E46E5 /* AppDelegate.swift */; };
		11AF804F1FCCC782003E46E5 /* ListVC.swift in Sources */ = {isa = PBXBuildFile; fileRef = 11AF804E1FCCC782003E46E5 /* ListVC.swift */; };
		11AF80511FCCC782003E46E5 /* MapVC.swift in Sources */ = {isa = PBXBuildFile; fileRef = 11AF80501FCCC782003E46E5 /* MapVC.swift */; };
		11AF80541FCCC782003E46E5 /* Main.storyboard in Resources */ = {isa = PBXBuildFile; fileRef = 11AF80521FCCC782003E46E5 /* Main.storyboard */; };
		11AF80561FCCC782003E46E5 /* Assets.xcassets in Resources */ = {isa = PBXBuildFile; fileRef = 11AF80551FCCC782003E46E5 /* Assets.xcassets */; };
		11AF80591FCCC782003E46E5 /* LaunchScreen.storyboard in Resources */ = {isa = PBXBuildFile; fileRef = 11AF80571FCCC782003E46E5 /* LaunchScreen.storyboard */; };
		11AF80741FCF6E73003E46E5 /* LoginVC.swift in Sources */ = {isa = PBXBuildFile; fileRef = 11AF80731FCF6E73003E46E5 /* LoginVC.swift */; };
		11AF80791FCF6F08003E46E5 /* UdacityConstants.swift in Sources */ = {isa = PBXBuildFile; fileRef = 11AF80781FCF6F08003E46E5 /* UdacityConstants.swift */; };
		11AF807B1FCF6F1B003E46E5 /* ParseConstants.swift in Sources */ = {isa = PBXBuildFile; fileRef = 11AF807A1FCF6F1B003E46E5 /* ParseConstants.swift */; };
		11AF807D1FCF708D003E46E5 /* ParseClient.swift in Sources */ = {isa = PBXBuildFile; fileRef = 11AF807C1FCF708D003E46E5 /* ParseClient.swift */; };
		11AF807F1FCF709C003E46E5 /* UdacityClient.swift in Sources */ = {isa = PBXBuildFile; fileRef = 11AF807E1FCF709C003E46E5 /* UdacityClient.swift */; };
		11F7EF9F1FD9A160000ED707 /* GCDBlackBox.swift in Sources */ = {isa = PBXBuildFile; fileRef = 11F7EF9E1FD9A160000ED707 /* GCDBlackBox.swift */; };
		11F7EFA11FD9A6C7000ED707 /* BorderedButton.swift in Sources */ = {isa = PBXBuildFile; fileRef = 11F7EFA01FD9A6C7000ED707 /* BorderedButton.swift */; };
/* End PBXBuildFile section */

/* Begin PBXFileReference section */
		113843CD1FD6E3480065EC92 /* UserModel.swift */ = {isa = PBXFileReference; lastKnownFileType = sourcecode.swift; path = UserModel.swift; sourceTree = "<group>"; };
		113843CF1FD6F46A0065EC92 /* StudentInfo.swift */ = {isa = PBXFileReference; lastKnownFileType = sourcecode.swift; path = StudentInfo.swift; sourceTree = "<group>"; };
		113843DD1FD881EA0065EC92 /* UdacityConvenience.swift */ = {isa = PBXFileReference; lastKnownFileType = sourcecode.swift; path = UdacityConvenience.swift; sourceTree = "<group>"; };
		113843DF1FD8820F0065EC92 /* ParseConvenience.swift */ = {isa = PBXFileReference; lastKnownFileType = sourcecode.swift; path = ParseConvenience.swift; sourceTree = "<group>"; };
		117259531FD1D0BD007146E2 /* AddStudentLocationVC.swift */ = {isa = PBXFileReference; lastKnownFileType = sourcecode.swift; path = AddStudentLocationVC.swift; sourceTree = "<group>"; };
		117259551FD20DE3007146E2 /* AddStudentLocationMapVC.swift */ = {isa = PBXFileReference; lastKnownFileType = sourcecode.swift; path = AddStudentLocationMapVC.swift; sourceTree = "<group>"; };
		11AF80491FCCC782003E46E5 /* OnTheMap.app */ = {isa = PBXFileReference; explicitFileType = wrapper.application; includeInIndex = 0; path = OnTheMap.app; sourceTree = BUILT_PRODUCTS_DIR; };
		11AF804C1FCCC782003E46E5 /* AppDelegate.swift */ = {isa = PBXFileReference; lastKnownFileType = sourcecode.swift; path = AppDelegate.swift; sourceTree = "<group>"; };
		11AF804E1FCCC782003E46E5 /* ListVC.swift */ = {isa = PBXFileReference; lastKnownFileType = sourcecode.swift; path = ListVC.swift; sourceTree = "<group>"; };
		11AF80501FCCC782003E46E5 /* MapVC.swift */ = {isa = PBXFileReference; lastKnownFileType = sourcecode.swift; path = MapVC.swift; sourceTree = "<group>"; };
		11AF80531FCCC782003E46E5 /* Base */ = {isa = PBXFileReference; lastKnownFileType = file.storyboard; name = Base; path = Base.lproj/Main.storyboard; sourceTree = "<group>"; };
		11AF80551FCCC782003E46E5 /* Assets.xcassets */ = {isa = PBXFileReference; lastKnownFileType = folder.assetcatalog; path = Assets.xcassets; sourceTree = "<group>"; };
		11AF80581FCCC782003E46E5 /* Base */ = {isa = PBXFileReference; lastKnownFileType = file.storyboard; name = Base; path = Base.lproj/LaunchScreen.storyboard; sourceTree = "<group>"; };
		11AF805A1FCCC782003E46E5 /* Info.plist */ = {isa = PBXFileReference; lastKnownFileType = text.plist.xml; path = Info.plist; sourceTree = "<group>"; };
		11AF80731FCF6E73003E46E5 /* LoginVC.swift */ = {isa = PBXFileReference; lastKnownFileType = sourcecode.swift; path = LoginVC.swift; sourceTree = "<group>"; };
		11AF80781FCF6F08003E46E5 /* UdacityConstants.swift */ = {isa = PBXFileReference; lastKnownFileType = sourcecode.swift; path = UdacityConstants.swift; sourceTree = "<group>"; };
		11AF807A1FCF6F1B003E46E5 /* ParseConstants.swift */ = {isa = PBXFileReference; lastKnownFileType = sourcecode.swift; path = ParseConstants.swift; sourceTree = "<group>"; };
		11AF807C1FCF708D003E46E5 /* ParseClient.swift */ = {isa = PBXFileReference; lastKnownFileType = sourcecode.swift; path = ParseClient.swift; sourceTree = "<group>"; };
		11AF807E1FCF709C003E46E5 /* UdacityClient.swift */ = {isa = PBXFileReference; lastKnownFileType = sourcecode.swift; path = UdacityClient.swift; sourceTree = "<group>"; };
		11F7EF9E1FD9A160000ED707 /* GCDBlackBox.swift */ = {isa = PBXFileReference; lastKnownFileType = sourcecode.swift; path = GCDBlackBox.swift; sourceTree = "<group>"; };
		11F7EFA01FD9A6C7000ED707 /* BorderedButton.swift */ = {isa = PBXFileReference; lastKnownFileType = sourcecode.swift; path = BorderedButton.swift; sourceTree = "<group>"; };
/* End PBXFileReference section */

/* Begin PBXFrameworksBuildPhase section */
		11AF80461FCCC782003E46E5 /* Frameworks */ = {
			isa = PBXFrameworksBuildPhase;
			buildActionMask = 2147483647;
			files = (
			);
			runOnlyForDeploymentPostprocessing = 0;
		};
/* End PBXFrameworksBuildPhase section */

/* Begin PBXGroup section */
		113843CC1FD6E2CA0065EC92 /* Data Models */ = {
			isa = PBXGroup;
			children = (
				113843CD1FD6E3480065EC92 /* UserModel.swift */,
				113843CF1FD6F46A0065EC92 /* StudentInfo.swift */,
			);
			path = "Data Models";
			sourceTree = "<group>";
		};
		11AF80401FCCC782003E46E5 = {
			isa = PBXGroup;
			children = (
				11AF804B1FCCC782003E46E5 /* OnTheMap */,
				11AF804A1FCCC782003E46E5 /* Products */,
			);
			sourceTree = "<group>";
		};
		11AF804A1FCCC782003E46E5 /* Products */ = {
			isa = PBXGroup;
			children = (
				11AF80491FCCC782003E46E5 /* OnTheMap.app */,
			);
			name = Products;
			sourceTree = "<group>";
		};
		11AF804B1FCCC782003E46E5 /* OnTheMap */ = {
			isa = PBXGroup;
			children = (
				11AF804C1FCCC782003E46E5 /* AppDelegate.swift */,
				11F7EF9E1FD9A160000ED707 /* GCDBlackBox.swift */,
				11AF80701FCF6C07003E46E5 /* Model */,
				11AF80711FCF6C10003E46E5 /* View */,
				11AF80721FCF6C1A003E46E5 /* Controller */,
				11AF80521FCCC782003E46E5 /* Main.storyboard */,
				11AF80551FCCC782003E46E5 /* Assets.xcassets */,
				11AF80571FCCC782003E46E5 /* LaunchScreen.storyboard */,
				11AF805A1FCCC782003E46E5 /* Info.plist */,
			);
			path = OnTheMap;
			sourceTree = "<group>";
		};
		11AF80701FCF6C07003E46E5 /* Model */ = {
			isa = PBXGroup;
			children = (
				113843CC1FD6E2CA0065EC92 /* Data Models */,
				11AF80751FCF6EC6003E46E5 /* Clients */,
			);
			path = Model;
			sourceTree = "<group>";
		};
		11AF80711FCF6C10003E46E5 /* View */ = {
			isa = PBXGroup;
			children = (
				11F7EFA01FD9A6C7000ED707 /* BorderedButton.swift */,
			);
			path = View;
			sourceTree = "<group>";
		};
		11AF80721FCF6C1A003E46E5 /* Controller */ = {
			isa = PBXGroup;
			children = (
				11AF80501FCCC782003E46E5 /* MapVC.swift */,
				11AF80731FCF6E73003E46E5 /* LoginVC.swift */,
				117259551FD20DE3007146E2 /* AddStudentLocationMapVC.swift */,
				117259531FD1D0BD007146E2 /* AddStudentLocationVC.swift */,
				11AF804E1FCCC782003E46E5 /* ListVC.swift */,
			);
			path = Controller;
			sourceTree = "<group>";
		};
		11AF80751FCF6EC6003E46E5 /* Clients */ = {
			isa = PBXGroup;
			children = (
				11AF80771FCF6EDB003E46E5 /* Udacity */,
				11AF80761FCF6ED2003E46E5 /* Parse */,
			);
			path = Clients;
			sourceTree = "<group>";
		};
		11AF80761FCF6ED2003E46E5 /* Parse */ = {
			isa = PBXGroup;
			children = (
				11AF807A1FCF6F1B003E46E5 /* ParseConstants.swift */,
				11AF807C1FCF708D003E46E5 /* ParseClient.swift */,
				113843DF1FD8820F0065EC92 /* ParseConvenience.swift */,
			);
			path = Parse;
			sourceTree = "<group>";
		};
		11AF80771FCF6EDB003E46E5 /* Udacity */ = {
			isa = PBXGroup;
			children = (
				11AF80781FCF6F08003E46E5 /* UdacityConstants.swift */,
				113843DD1FD881EA0065EC92 /* UdacityConvenience.swift */,
				11AF807E1FCF709C003E46E5 /* UdacityClient.swift */,
			);
			path = Udacity;
			sourceTree = "<group>";
		};
/* End PBXGroup section */

/* Begin PBXNativeTarget section */
		11AF80481FCCC782003E46E5 /* OnTheMap */ = {
			isa = PBXNativeTarget;
			buildConfigurationList = 11AF805D1FCCC782003E46E5 /* Build configuration list for PBXNativeTarget "OnTheMap" */;
			buildPhases = (
				11AF80451FCCC782003E46E5 /* Sources */,
				11AF80461FCCC782003E46E5 /* Frameworks */,
				11AF80471FCCC782003E46E5 /* Resources */,
			);
			buildRules = (
			);
			dependencies = (
			);
			name = OnTheMap;
			productName = OnTheMap;
			productReference = 11AF80491FCCC782003E46E5 /* OnTheMap.app */;
			productType = "com.apple.product-type.application";
		};
/* End PBXNativeTarget section */

/* Begin PBXProject section */
		11AF80411FCCC782003E46E5 /* Project object */ = {
			isa = PBXProject;
			attributes = {
				LastSwiftUpdateCheck = 0910;
				LastUpgradeCheck = 0910;
				ORGANIZATIONNAME = "Zachary Rose";
				TargetAttributes = {
					11AF80481FCCC782003E46E5 = {
						CreatedOnToolsVersion = 9.1;
						ProvisioningStyle = Automatic;
					};
				};
			};
			buildConfigurationList = 11AF80441FCCC782003E46E5 /* Build configuration list for PBXProject "OnTheMap" */;
			compatibilityVersion = "Xcode 8.0";
			developmentRegion = en;
			hasScannedForEncodings = 0;
			knownRegions = (
				en,
				Base,
			);
			mainGroup = 11AF80401FCCC782003E46E5;
			productRefGroup = 11AF804A1FCCC782003E46E5 /* Products */;
			projectDirPath = "";
			projectRoot = "";
			targets = (
				11AF80481FCCC782003E46E5 /* OnTheMap */,
			);
		};
/* End PBXProject section */

/* Begin PBXResourcesBuildPhase section */
		11AF80471FCCC782003E46E5 /* Resources */ = {
			isa = PBXResourcesBuildPhase;
			buildActionMask = 2147483647;
			files = (
				11AF80591FCCC782003E46E5 /* LaunchScreen.storyboard in Resources */,
				11AF80561FCCC782003E46E5 /* Assets.xcassets in Resources */,
				11AF80541FCCC782003E46E5 /* Main.storyboard in Resources */,
			);
			runOnlyForDeploymentPostprocessing = 0;
		};
/* End PBXResourcesBuildPhase section */

/* Begin PBXSourcesBuildPhase section */
		11AF80451FCCC782003E46E5 /* Sources */ = {
			isa = PBXSourcesBuildPhase;
			buildActionMask = 2147483647;
			files = (
				117259561FD20DE3007146E2 /* AddStudentLocationMapVC.swift in Sources */,
				113843E01FD8820F0065EC92 /* ParseConvenience.swift in Sources */,
				11F7EFA11FD9A6C7000ED707 /* BorderedButton.swift in Sources */,
				11AF807F1FCF709C003E46E5 /* UdacityClient.swift in Sources */,
				11AF80511FCCC782003E46E5 /* MapVC.swift in Sources */,
				11F7EF9F1FD9A160000ED707 /* GCDBlackBox.swift in Sources */,
				113843D01FD6F46A0065EC92 /* StudentInfo.swift in Sources */,
				11AF80791FCF6F08003E46E5 /* UdacityConstants.swift in Sources */,
				117259541FD1D0BD007146E2 /* AddStudentLocationVC.swift in Sources */,
				11AF807D1FCF708D003E46E5 /* ParseClient.swift in Sources */,
				11AF804D1FCCC782003E46E5 /* AppDelegate.swift in Sources */,
				113843DE1FD881EA0065EC92 /* UdacityConvenience.swift in Sources */,
				11AF80741FCF6E73003E46E5 /* LoginVC.swift in Sources */,
				11AF804F1FCCC782003E46E5 /* ListVC.swift in Sources */,
				11AF807B1FCF6F1B003E46E5 /* ParseConstants.swift in Sources */,
				113843CE1FD6E3480065EC92 /* UserModel.swift in Sources */,
			);
			runOnlyForDeploymentPostprocessing = 0;
		};
/* End PBXSourcesBuildPhase section */

/* Begin PBXVariantGroup section */
		11AF80521FCCC782003E46E5 /* Main.storyboard */ = {
			isa = PBXVariantGroup;
			children = (
				11AF80531FCCC782003E46E5 /* Base */,
			);
			name = Main.storyboard;
			sourceTree = "<group>";
		};
		11AF80571FCCC782003E46E5 /* LaunchScreen.storyboard */ = {
			isa = PBXVariantGroup;
			children = (
				11AF80581FCCC782003E46E5 /* Base */,
			);
			name = LaunchScreen.storyboard;
			sourceTree = "<group>";
		};
/* End PBXVariantGroup section */

/* Begin XCBuildConfiguration section */
		11AF805B1FCCC782003E46E5 /* Debug */ = {
			isa = XCBuildConfiguration;
			buildSettings = {
				ALWAYS_SEARCH_USER_PATHS = NO;
				CLANG_ANALYZER_NONNULL = YES;
				CLANG_ANALYZER_NUMBER_OBJECT_CONVERSION = YES_AGGRESSIVE;
				CLANG_CXX_LANGUAGE_STANDARD = "gnu++14";
				CLANG_CXX_LIBRARY = "libc++";
				CLANG_ENABLE_MODULES = YES;
				CLANG_ENABLE_OBJC_ARC = YES;
				CLANG_WARN_BLOCK_CAPTURE_AUTORELEASING = YES;
				CLANG_WARN_BOOL_CONVERSION = YES;
				CLANG_WARN_COMMA = YES;
				CLANG_WARN_CONSTANT_CONVERSION = YES;
				CLANG_WARN_DIRECT_OBJC_ISA_USAGE = YES_ERROR;
				CLANG_WARN_DOCUMENTATION_COMMENTS = YES;
				CLANG_WARN_EMPTY_BODY = YES;
				CLANG_WARN_ENUM_CONVERSION = YES;
				CLANG_WARN_INFINITE_RECURSION = YES;
				CLANG_WARN_INT_CONVERSION = YES;
				CLANG_WARN_NON_LITERAL_NULL_CONVERSION = YES;
				CLANG_WARN_OBJC_LITERAL_CONVERSION = YES;
				CLANG_WARN_OBJC_ROOT_CLASS = YES_ERROR;
				CLANG_WARN_RANGE_LOOP_ANALYSIS = YES;
				CLANG_WARN_STRICT_PROTOTYPES = YES;
				CLANG_WARN_SUSPICIOUS_MOVE = YES;
				CLANG_WARN_UNGUARDED_AVAILABILITY = YES_AGGRESSIVE;
				CLANG_WARN_UNREACHABLE_CODE = YES;
				CLANG_WARN__DUPLICATE_METHOD_MATCH = YES;
				CODE_SIGN_IDENTITY = "iPhone Developer";
				COPY_PHASE_STRIP = NO;
				DEBUG_INFORMATION_FORMAT = dwarf;
				ENABLE_STRICT_OBJC_MSGSEND = YES;
				ENABLE_TESTABILITY = YES;
				GCC_C_LANGUAGE_STANDARD = gnu11;
				GCC_DYNAMIC_NO_PIC = NO;
				GCC_NO_COMMON_BLOCKS = YES;
				GCC_OPTIMIZATION_LEVEL = 0;
				GCC_PREPROCESSOR_DEFINITIONS = (
					"DEBUG=1",
					"$(inherited)",
				);
				GCC_WARN_64_TO_32_BIT_CONVERSION = YES;
				GCC_WARN_ABOUT_RETURN_TYPE = YES_ERROR;
				GCC_WARN_UNDECLARED_SELECTOR = YES;
				GCC_WARN_UNINITIALIZED_AUTOS = YES_AGGRESSIVE;
				GCC_WARN_UNUSED_FUNCTION = YES;
				GCC_WARN_UNUSED_VARIABLE = YES;
				IPHONEOS_DEPLOYMENT_TARGET = 11.1;
				MTL_ENABLE_DEBUG_INFO = YES;
				ONLY_ACTIVE_ARCH = YES;
				SDKROOT = iphoneos;
				SWIFT_ACTIVE_COMPILATION_CONDITIONS = DEBUG;
				SWIFT_OPTIMIZATION_LEVEL = "-Onone";
			};
			name = Debug;
		};
		11AF805C1FCCC782003E46E5 /* Release */ = {
			isa = XCBuildConfiguration;
			buildSettings = {
				ALWAYS_SEARCH_USER_PATHS = NO;
				CLANG_ANALYZER_NONNULL = YES;
				CLANG_ANALYZER_NUMBER_OBJECT_CONVERSION = YES_AGGRESSIVE;
				CLANG_CXX_LANGUAGE_STANDARD = "gnu++14";
				CLANG_CXX_LIBRARY = "libc++";
				CLANG_ENABLE_MODULES = YES;
				CLANG_ENABLE_OBJC_ARC = YES;
				CLANG_WARN_BLOCK_CAPTURE_AUTORELEASING = YES;
				CLANG_WARN_BOOL_CONVERSION = YES;
				CLANG_WARN_COMMA = YES;
				CLANG_WARN_CONSTANT_CONVERSION = YES;
				CLANG_WARN_DIRECT_OBJC_ISA_USAGE = YES_ERROR;
				CLANG_WARN_DOCUMENTATION_COMMENTS = YES;
				CLANG_WARN_EMPTY_BODY = YES;
				CLANG_WARN_ENUM_CONVERSION = YES;
				CLANG_WARN_INFINITE_RECURSION = YES;
				CLANG_WARN_INT_CONVERSION = YES;
				CLANG_WARN_NON_LITERAL_NULL_CONVERSION = YES;
				CLANG_WARN_OBJC_LITERAL_CONVERSION = YES;
				CLANG_WARN_OBJC_ROOT_CLASS = YES_ERROR;
				CLANG_WARN_RANGE_LOOP_ANALYSIS = YES;
				CLANG_WARN_STRICT_PROTOTYPES = YES;
				CLANG_WARN_SUSPICIOUS_MOVE = YES;
				CLANG_WARN_UNGUARDED_AVAILABILITY = YES_AGGRESSIVE;
				CLANG_WARN_UNREACHABLE_CODE = YES;
				CLANG_WARN__DUPLICATE_METHOD_MATCH = YES;
				CODE_SIGN_IDENTITY = "iPhone Developer";
				COPY_PHASE_STRIP = NO;
				DEBUG_INFORMATION_FORMAT = "dwarf-with-dsym";
				ENABLE_NS_ASSERTIONS = NO;
				ENABLE_STRICT_OBJC_MSGSEND = YES;
				GCC_C_LANGUAGE_STANDARD = gnu11;
				GCC_NO_COMMON_BLOCKS = YES;
				GCC_WARN_64_TO_32_BIT_CONVERSION = YES;
				GCC_WARN_ABOUT_RETURN_TYPE = YES_ERROR;
				GCC_WARN_UNDECLARED_SELECTOR = YES;
				GCC_WARN_UNINITIALIZED_AUTOS = YES_AGGRESSIVE;
				GCC_WARN_UNUSED_FUNCTION = YES;
				GCC_WARN_UNUSED_VARIABLE = YES;
				IPHONEOS_DEPLOYMENT_TARGET = 11.1;
				MTL_ENABLE_DEBUG_INFO = NO;
				SDKROOT = iphoneos;
				SWIFT_OPTIMIZATION_LEVEL = "-Owholemodule";
				VALIDATE_PRODUCT = YES;
			};
			name = Release;
		};
		11AF805E1FCCC782003E46E5 /* Debug */ = {
			isa = XCBuildConfiguration;
			buildSettings = {
				ASSETCATALOG_COMPILER_APPICON_NAME = AppIcon;
				CODE_SIGN_STYLE = Automatic;
				DEVELOPMENT_TEAM = 3AZF3TCTM4;
				INFOPLIST_FILE = OnTheMap/Info.plist;
				IPHONEOS_DEPLOYMENT_TARGET = 11.0;
				LD_RUNPATH_SEARCH_PATHS = "$(inherited) @executable_path/Frameworks";
				PRODUCT_BUNDLE_IDENTIFIER = com.zacrose.OnTheMap;
				PRODUCT_NAME = "$(TARGET_NAME)";
				SWIFT_VERSION = 4.0;
				TARGETED_DEVICE_FAMILY = "1,2";
			};
			name = Debug;
		};
		11AF805F1FCCC782003E46E5 /* Release */ = {
			isa = XCBuildConfiguration;
			buildSettings = {
				ASSETCATALOG_COMPILER_APPICON_NAME = AppIcon;
				CODE_SIGN_STYLE = Automatic;
				DEVELOPMENT_TEAM = 3AZF3TCTM4;
				INFOPLIST_FILE = OnTheMap/Info.plist;
				IPHONEOS_DEPLOYMENT_TARGET = 11.0;
				LD_RUNPATH_SEARCH_PATHS = "$(inherited) @executable_path/Frameworks";
				PRODUCT_BUNDLE_IDENTIFIER = com.zacrose.OnTheMap;
				PRODUCT_NAME = "$(TARGET_NAME)";
				SWIFT_VERSION = 4.0;
				TARGETED_DEVICE_FAMILY = "1,2";
			};
			name = Release;
		};
/* End XCBuildConfiguration section */

/* Begin XCConfigurationList section */
		11AF80441FCCC782003E46E5 /* Build configuration list for PBXProject "OnTheMap" */ = {
			isa = XCConfigurationList;
			buildConfigurations = (
				11AF805B1FCCC782003E46E5 /* Debug */,
				11AF805C1FCCC782003E46E5 /* Release */,
			);
			defaultConfigurationIsVisible = 0;
			defaultConfigurationName = Release;
		};
		11AF805D1FCCC782003E46E5 /* Build configuration list for PBXNativeTarget "OnTheMap" */ = {
			isa = XCConfigurationList;
			buildConfigurations = (
				11AF805E1FCCC782003E46E5 /* Debug */,
				11AF805F1FCCC782003E46E5 /* Release */,
			);
			defaultConfigurationIsVisible = 0;
			defaultConfigurationName = Release;
		};
/* End XCConfigurationList section */
	};
	rootObject = 11AF80411FCCC782003E46E5 /* Project object */;
}
